
Microsoft Visual Studio Solution File, Format Version 12.00
# Visual Studio 14
VisualStudioVersion = 14.0.25420.1
MinimumVisualStudioVersion = 10.0.40219.1
Project("{2150E333-8FDC-42A3-9474-1A3956D46DE8}") = "CapaAccesosADatos", "CapaAccesosADatos", "{2326C19D-9CEF-4F80-9665-2B5312F7B2A1}"
EndProject
Project("{2150E333-8FDC-42A3-9474-1A3956D46DE8}") = "WinControl_ERP_NET", "WinControl_ERP_NET", "{F428CDFB-6330-4041-9CCE-773E462CBA7D}"
EndProject
Project("{FAE04EC0-301F-11D3-BF4B-00C04F79EFBC}") = "DataDB_ELR_NET", "DataDB_ELR_NET\DataDB_ELR_NET.csproj", "{500B429C-3AC5-4FAC-AB2A-4A3F5D9B85DC}"
EndProject
Project("{FAE04EC0-301F-11D3-BF4B-00C04F79EFBC}") = "WinControl_ELR_NET", "WinControl_ELR_NET\WinControl_ELR_NET.csproj", "{BD4C4F54-A39B-4538-8EAE-1279C3DB8147}"
EndProject
Project("{2150E333-8FDC-42A3-9474-1A3956D46DE8}") = "Ejemplo", "Ejemplo", "{A00FE271-F1CB-4A91-BB59-B0E8E03BA0A0}"
EndProject
Project("{FAE04EC0-301F-11D3-BF4B-00C04F79EFBC}") = "ELR_ConfigConn", "ELR_ConfigConn\ELR_ConfigConn.csproj", "{306A1625-FAF0-41A4-A761-09DB8A82252C}"
EndProject
Project("{FAE04EC0-301F-11D3-BF4B-00C04F79EFBC}") = "ELRConfigConnWIN", "ELR_CONFIG_CONNECION_WIN\ELRConfigConnWIN.csproj", "{10904587-7270-4451-9977-D3395D60E401}"
EndProject
Project("{2150E333-8FDC-42A3-9474-1A3956D46DE8}") = "CapaPresentacion", "CapaPresentacion", "{FD5D55DD-461C-4188-BC49-346681E7221E}"
EndProject
Project("{FAE04EC0-301F-11D3-BF4B-00C04F79EFBC}") = "ELRMaestros", "ELRMaestros\ELRMaestros.csproj", "{718001E5-63AE-4F4A-B16B-861036C65CA6}"
EndProject
Project("{FAE04EC0-301F-11D3-BF4B-00C04F79EFBC}") = "ELRFacturas", "ELRFacturas\ELRFacturas.csproj", "{70B82A18-27FF-4C5E-B3B1-02EF9972A4DE}"
EndProject
Project("{2150E333-8FDC-42A3-9474-1A3956D46DE8}") = "CapaLogicaNegocio", "CapaLogicaNegocio", "{2B4AAD22-FAB3-4CBB-9970-3FE53D5A043B}"
EndProject
Project("{FAE04EC0-301F-11D3-BF4B-00C04F79EFBC}") = "ELRLogicaNegocio", "ELRLogicaNegocio\ELRLogicaNegocio.csproj", "{ED987E40-F22C-44B2-8E34-2408E077DCA9}"
EndProject
Project("{FAE04EC0-301F-11D3-BF4B-00C04F79EFBC}") = "ELRControlUsuarios", "ELRControlUsuarios\ELRControlUsuarios.csproj", "{5B5098C1-CC5C-46F1-AB37-4DC028190F2E}"
EndProject
Project("{FAE04EC0-301F-11D3-BF4B-00C04F79EFBC}") = "SYS_FACT", "SYS_FACT\SYS_FACT.csproj", "{DFE5792D-7DB5-4D81-AF66-BD46CD59FED8}"
EndProject
Project("{2150E333-8FDC-42A3-9474-1A3956D46DE8}") = "Reportes", "Reportes", "{8B3855EB-C480-4F85-8345-9575427C0C48}"
EndProject
Project("{FAE04EC0-301F-11D3-BF4B-00C04F79EFBC}") = "ReportesPrueba", "ReportesPrueba\ReportesPrueba.csproj", "{9531ABA8-8A2D-47E4-B230-A0F6865157C9}"
EndProject
Project("{FAE04EC0-301F-11D3-BF4B-00C04F79EFBC}") = "TallerRep", "TallerRep\TallerRep.csproj", "{8BC13DB9-9A8B-4A1B-B22D-E186FD2D0AEF}"
EndProject
Project("{FAE04EC0-301F-11D3-BF4B-00C04F79EFBC}") = "ELRCredito", "ELRCredito\ELRCredito.csproj", "{D5AA884E-0C2F-4C15-B5AF-4688FD061DE1}"
EndProject
Project("{FAE04EC0-301F-11D3-BF4B-00C04F79EFBC}") = "ELRCuentasPorPagar", "ELRCuentasPorPagar\ELRCuentasPorPagar.csproj", "{0E3810DF-3284-47C1-940E-6BE1E2296CB7}"
EndProject
Project("{FAE04EC0-301F-11D3-BF4B-00C04F79EFBC}") = "ELRContaGeneral", "ELRContaGeneral\ELRContaGeneral.csproj", "{07949FC8-B7A5-47DB-8950-D719CD166410}"
EndProject
Project("{FAE04EC0-301F-11D3-BF4B-00C04F79EFBC}") = "ELRConsultasReportes", "ELRConsultasReportes\ELRConsultasReportes.csproj", "{17A0E772-0CD5-48A9-932A-C09A33480260}"
EndProject
Project("{2150E333-8FDC-42A3-9474-1A3956D46DE8}") = "ERPGerenarLicense", "ERPGerenarLicense", "{86BC5F83-6678-443C-928B-933075874E6D}"
EndProject
Project("{FAE04EC0-301F-11D3-BF4B-00C04F79EFBC}") = "ERPGenLicense", "ERPGenLicense\ERPGenLicense.csproj", "{6C506DD4-0238-4FDE-99C9-D795ECFFEF6F}"
EndProject
Project("{FAE04EC0-301F-11D3-BF4B-00C04F79EFBC}") = "ELRActivosFijos", "ELRActivosFijos\ELRActivosFijos.csproj", "{0106D2BB-3411-4D62-9AD4-F04483CDD98D}"
EndProject
Project("{FAE04EC0-301F-11D3-BF4B-00C04F79EFBC}") = "ELRBanco", "ELRBanco\ELRBanco.csproj", "{A88623B4-EFB9-472D-87DE-976A3FA0F6A6}"
EndProject
Project("{2150E333-8FDC-42A3-9474-1A3956D46DE8}") = "IOffice", "IOffice", "{A393C321-6A84-450C-9C71-1E87689AD89D}"
EndProject
Project("{FAE04EC0-301F-11D3-BF4B-00C04F79EFBC}") = "IOffice", "IOffice\IOffice.csproj", "{F3407B84-EF23-4DF7-9801-D73091393978}"
EndProject
Project("{FAE04EC0-301F-11D3-BF4B-00C04F79EFBC}") = "ELRNomina", "ELRNomina\ELRNomina.csproj", "{8A031371-7819-4653-A69A-40C22CA49838}"
EndProject
Project("{FAE04EC0-301F-11D3-BF4B-00C04F79EFBC}") = "IOOffice", "IOOffice\IOOffice.csproj", "{32015A31-FFB6-4635-A601-603C3B6D61A6}"
EndProject
Project("{2150E333-8FDC-42A3-9474-1A3956D46DE8}") = "SysProcesos", "SysProcesos", "{ACC1C1DD-227C-43CC-AC91-A99505841103}"
EndProject
Project("{FAE04EC0-301F-11D3-BF4B-00C04F79EFBC}") = "SysProcesosERP", "SysProcesosERP\SysProcesosERP.csproj", "{3F3632A7-B171-4637-B79E-41A8DAEBA163}"
EndProject
Project("{2150E333-8FDC-42A3-9474-1A3956D46DE8}") = "NewFolder1", "NewFolder1", "{50CF2F73-E080-4E47-8890-FBD578B9D6BD}"
EndProject
Project("{2150E333-8FDC-42A3-9474-1A3956D46DE8}") = "OfficeDriver", "OfficeDriver", "{E6350AEC-2F35-42BE-8080-9A4C5D5AEE76}"
EndProject
Project("{F184B08F-C81C-45F6-A57F-5ABD9991F28F}") = "OfficeDriver", "OfficeDriver\OfficeDriver.vbproj", "{56751CD0-37C7-45D0-88B7-B606ABB3F7BA}"
EndProject
Project("{2150E333-8FDC-42A3-9474-1A3956D46DE8}") = "Instalador", "Instalador", "{B5680534-AFED-4745-9CB0-A39A5CEB832C}"
EndProject
Project("{54435603-DBB4-11D2-8724-00A0C9A8B90C}") = "SYS_GESTION_ERP", "SYS_GESTION_ERP\SYS_GESTION_ERP.vdproj", "{659B0AF2-6636-4664-96A4-B870CFBE5AD8}"
EndProject
Project("{FAE04EC0-301F-11D3-BF4B-00C04F79EFBC}") = "ELRSmartPhones", "ELRSmartPhones\ELRSmartPhones.csproj", "{63726674-DFF5-4FAB-AF31-1B1CDAEC0811}"
EndProject
Project("{FAE04EC0-301F-11D3-BF4B-00C04F79EFBC}") = "ELRCajaChica", "ELRCajaChica\ELRCajaChica.csproj", "{88CF52C9-65A4-431D-866E-2DFA86F5A697}"
EndProject
Project("{FAE04EC0-301F-11D3-BF4B-00C04F79EFBC}") = "ELRPrintDocument", "ELRPrintDocument\ELRPrintDocument.csproj", "{CF0319C6-C777-4B2B-B3EE-938827FC4C07}"
EndProject
Project("{54435603-DBB4-11D2-8724-00A0C9A8B90C}") = "SetupERP", "SetupERP\SetupERP.vdproj", "{3304A8C0-940E-477F-9BA7-ACBC785EBB51}"
EndProject
Project("{FAE04EC0-301F-11D3-BF4B-00C04F79EFBC}") = "ELREncript", "ELREncript\ELREncript.csproj", "{8D80E372-8AE8-49EA-8B04-D66874231173}"
EndProject
Global
	GlobalSection(SolutionConfigurationPlatforms) = preSolution
		Debug|Any CPU = Debug|Any CPU
		Release|Any CPU = Release|Any CPU
	EndGlobalSection
	GlobalSection(ProjectConfigurationPlatforms) = postSolution
		{500B429C-3AC5-4FAC-AB2A-4A3F5D9B85DC}.Debug|Any CPU.ActiveCfg = Debug|Any CPU
		{500B429C-3AC5-4FAC-AB2A-4A3F5D9B85DC}.Debug|Any CPU.Build.0 = Debug|Any CPU
		{500B429C-3AC5-4FAC-AB2A-4A3F5D9B85DC}.Release|Any CPU.ActiveCfg = Release|Any CPU
		{500B429C-3AC5-4FAC-AB2A-4A3F5D9B85DC}.Release|Any CPU.Build.0 = Release|Any CPU
		{BD4C4F54-A39B-4538-8EAE-1279C3DB8147}.Debug|Any CPU.ActiveCfg = Debug|Any CPU
		{BD4C4F54-A39B-4538-8EAE-1279C3DB8147}.Debug|Any CPU.Build.0 = Debug|Any CPU
		{BD4C4F54-A39B-4538-8EAE-1279C3DB8147}.Release|Any CPU.ActiveCfg = Release|Any CPU
		{BD4C4F54-A39B-4538-8EAE-1279C3DB8147}.Release|Any CPU.Build.0 = Release|Any CPU
		{306A1625-FAF0-41A4-A761-09DB8A82252C}.Debug|Any CPU.ActiveCfg = Debug|Any CPU
		{306A1625-FAF0-41A4-A761-09DB8A82252C}.Debug|Any CPU.Build.0 = Debug|Any CPU
		{306A1625-FAF0-41A4-A761-09DB8A82252C}.Release|Any CPU.ActiveCfg = Release|Any CPU
		{306A1625-FAF0-41A4-A761-09DB8A82252C}.Release|Any CPU.Build.0 = Release|Any CPU
		{10904587-7270-4451-9977-D3395D60E401}.Debug|Any CPU.ActiveCfg = Debug|Any CPU
		{10904587-7270-4451-9977-D3395D60E401}.Debug|Any CPU.Build.0 = Debug|Any CPU
		{10904587-7270-4451-9977-D3395D60E401}.Release|Any CPU.ActiveCfg = Release|Any CPU
		{10904587-7270-4451-9977-D3395D60E401}.Release|Any CPU.Build.0 = Release|Any CPU
		{718001E5-63AE-4F4A-B16B-861036C65CA6}.Debug|Any CPU.ActiveCfg = Debug|Any CPU
		{718001E5-63AE-4F4A-B16B-861036C65CA6}.Debug|Any CPU.Build.0 = Debug|Any CPU
		{718001E5-63AE-4F4A-B16B-861036C65CA6}.Release|Any CPU.ActiveCfg = Release|Any CPU
		{718001E5-63AE-4F4A-B16B-861036C65CA6}.Release|Any CPU.Build.0 = Release|Any CPU
		{70B82A18-27FF-4C5E-B3B1-02EF9972A4DE}.Debug|Any CPU.ActiveCfg = Debug|Any CPU
		{70B82A18-27FF-4C5E-B3B1-02EF9972A4DE}.Debug|Any CPU.Build.0 = Debug|Any CPU
		{70B82A18-27FF-4C5E-B3B1-02EF9972A4DE}.Release|Any CPU.ActiveCfg = Release|Any CPU
		{70B82A18-27FF-4C5E-B3B1-02EF9972A4DE}.Release|Any CPU.Build.0 = Release|Any CPU
		{ED987E40-F22C-44B2-8E34-2408E077DCA9}.Debug|Any CPU.ActiveCfg = Debug|Any CPU
		{ED987E40-F22C-44B2-8E34-2408E077DCA9}.Debug|Any CPU.Build.0 = Debug|Any CPU
		{ED987E40-F22C-44B2-8E34-2408E077DCA9}.Release|Any CPU.ActiveCfg = Release|Any CPU
		{ED987E40-F22C-44B2-8E34-2408E077DCA9}.Release|Any CPU.Build.0 = Release|Any CPU
		{5B5098C1-CC5C-46F1-AB37-4DC028190F2E}.Debug|Any CPU.ActiveCfg = Debug|Any CPU
		{5B5098C1-CC5C-46F1-AB37-4DC028190F2E}.Debug|Any CPU.Build.0 = Debug|Any CPU
		{5B5098C1-CC5C-46F1-AB37-4DC028190F2E}.Release|Any CPU.ActiveCfg = Release|Any CPU
		{5B5098C1-CC5C-46F1-AB37-4DC028190F2E}.Release|Any CPU.Build.0 = Release|Any CPU
		{DFE5792D-7DB5-4D81-AF66-BD46CD59FED8}.Debug|Any CPU.ActiveCfg = Debug|Any CPU
		{DFE5792D-7DB5-4D81-AF66-BD46CD59FED8}.Debug|Any CPU.Build.0 = Debug|Any CPU
		{DFE5792D-7DB5-4D81-AF66-BD46CD59FED8}.Release|Any CPU.ActiveCfg = Release|Any CPU
		{DFE5792D-7DB5-4D81-AF66-BD46CD59FED8}.Release|Any CPU.Build.0 = Release|Any CPU
		{9531ABA8-8A2D-47E4-B230-A0F6865157C9}.Debug|Any CPU.ActiveCfg = Debug|Any CPU
		{9531ABA8-8A2D-47E4-B230-A0F6865157C9}.Debug|Any CPU.Build.0 = Debug|Any CPU
		{9531ABA8-8A2D-47E4-B230-A0F6865157C9}.Release|Any CPU.ActiveCfg = Release|Any CPU
		{9531ABA8-8A2D-47E4-B230-A0F6865157C9}.Release|Any CPU.Build.0 = Release|Any CPU
		{8BC13DB9-9A8B-4A1B-B22D-E186FD2D0AEF}.Debug|Any CPU.ActiveCfg = Debug|Any CPU
		{8BC13DB9-9A8B-4A1B-B22D-E186FD2D0AEF}.Debug|Any CPU.Build.0 = Debug|Any CPU
		{8BC13DB9-9A8B-4A1B-B22D-E186FD2D0AEF}.Release|Any CPU.ActiveCfg = Release|Any CPU
		{8BC13DB9-9A8B-4A1B-B22D-E186FD2D0AEF}.Release|Any CPU.Build.0 = Release|Any CPU
		{D5AA884E-0C2F-4C15-B5AF-4688FD061DE1}.Debug|Any CPU.ActiveCfg = Debug|Any CPU
		{D5AA884E-0C2F-4C15-B5AF-4688FD061DE1}.Debug|Any CPU.Build.0 = Debug|Any CPU
		{D5AA884E-0C2F-4C15-B5AF-4688FD061DE1}.Release|Any CPU.ActiveCfg = Release|Any CPU
		{D5AA884E-0C2F-4C15-B5AF-4688FD061DE1}.Release|Any CPU.Build.0 = Release|Any CPU
		{0E3810DF-3284-47C1-940E-6BE1E2296CB7}.Debug|Any CPU.ActiveCfg = Debug|Any CPU
		{0E3810DF-3284-47C1-940E-6BE1E2296CB7}.Debug|Any CPU.Build.0 = Debug|Any CPU
		{0E3810DF-3284-47C1-940E-6BE1E2296CB7}.Release|Any CPU.ActiveCfg = Release|Any CPU
		{0E3810DF-3284-47C1-940E-6BE1E2296CB7}.Release|Any CPU.Build.0 = Release|Any CPU
		{07949FC8-B7A5-47DB-8950-D719CD166410}.Debug|Any CPU.ActiveCfg = Debug|Any CPU
		{07949FC8-B7A5-47DB-8950-D719CD166410}.Debug|Any CPU.Build.0 = Debug|Any CPU
		{07949FC8-B7A5-47DB-8950-D719CD166410}.Release|Any CPU.ActiveCfg = Release|Any CPU
		{07949FC8-B7A5-47DB-8950-D719CD166410}.Release|Any CPU.Build.0 = Release|Any CPU
		{17A0E772-0CD5-48A9-932A-C09A33480260}.Debug|Any CPU.ActiveCfg = Debug|Any CPU
		{17A0E772-0CD5-48A9-932A-C09A33480260}.Debug|Any CPU.Build.0 = Debug|Any CPU
		{17A0E772-0CD5-48A9-932A-C09A33480260}.Release|Any CPU.ActiveCfg = Release|Any CPU
		{17A0E772-0CD5-48A9-932A-C09A33480260}.Release|Any CPU.Build.0 = Release|Any CPU
		{6C506DD4-0238-4FDE-99C9-D795ECFFEF6F}.Debug|Any CPU.ActiveCfg = Debug|Any CPU
		{6C506DD4-0238-4FDE-99C9-D795ECFFEF6F}.Debug|Any CPU.Build.0 = Debug|Any CPU
		{6C506DD4-0238-4FDE-99C9-D795ECFFEF6F}.Release|Any CPU.ActiveCfg = Release|Any CPU
		{6C506DD4-0238-4FDE-99C9-D795ECFFEF6F}.Release|Any CPU.Build.0 = Release|Any CPU
		{0106D2BB-3411-4D62-9AD4-F04483CDD98D}.Debug|Any CPU.ActiveCfg = Debug|Any CPU
		{0106D2BB-3411-4D62-9AD4-F04483CDD98D}.Debug|Any CPU.Build.0 = Debug|Any CPU
		{0106D2BB-3411-4D62-9AD4-F04483CDD98D}.Release|Any CPU.ActiveCfg = Release|Any CPU
		{0106D2BB-3411-4D62-9AD4-F04483CDD98D}.Release|Any CPU.Build.0 = Release|Any CPU
		{A88623B4-EFB9-472D-87DE-976A3FA0F6A6}.Debug|Any CPU.ActiveCfg = Debug|Any CPU
		{A88623B4-EFB9-472D-87DE-976A3FA0F6A6}.Debug|Any CPU.Build.0 = Debug|Any CPU
		{A88623B4-EFB9-472D-87DE-976A3FA0F6A6}.Release|Any CPU.ActiveCfg = Release|Any CPU
		{A88623B4-EFB9-472D-87DE-976A3FA0F6A6}.Release|Any CPU.Build.0 = Release|Any CPU
		{F3407B84-EF23-4DF7-9801-D73091393978}.Debug|Any CPU.ActiveCfg = Debug|Any CPU
		{F3407B84-EF23-4DF7-9801-D73091393978}.Debug|Any CPU.Build.0 = Debug|Any CPU
		{F3407B84-EF23-4DF7-9801-D73091393978}.Release|Any CPU.ActiveCfg = Release|Any CPU
		{F3407B84-EF23-4DF7-9801-D73091393978}.Release|Any CPU.Build.0 = Release|Any CPU
		{8A031371-7819-4653-A69A-40C22CA49838}.Debug|Any CPU.ActiveCfg = Debug|Any CPU
		{8A031371-7819-4653-A69A-40C22CA49838}.Debug|Any CPU.Build.0 = Debug|Any CPU
		{8A031371-7819-4653-A69A-40C22CA49838}.Release|Any CPU.ActiveCfg = Release|Any CPU
		{8A031371-7819-4653-A69A-40C22CA49838}.Release|Any CPU.Build.0 = Release|Any CPU
		{32015A31-FFB6-4635-A601-603C3B6D61A6}.Debug|Any CPU.ActiveCfg = Debug|Any CPU
		{32015A31-FFB6-4635-A601-603C3B6D61A6}.Debug|Any CPU.Build.0 = Debug|Any CPU
		{32015A31-FFB6-4635-A601-603C3B6D61A6}.Release|Any CPU.ActiveCfg = Release|Any CPU
		{32015A31-FFB6-4635-A601-603C3B6D61A6}.Release|Any CPU.Build.0 = Release|Any CPU
		{3F3632A7-B171-4637-B79E-41A8DAEBA163}.Debug|Any CPU.ActiveCfg = Debug|Any CPU
		{3F3632A7-B171-4637-B79E-41A8DAEBA163}.Debug|Any CPU.Build.0 = Debug|Any CPU
		{3F3632A7-B171-4637-B79E-41A8DAEBA163}.Release|Any CPU.ActiveCfg = Release|Any CPU
		{3F3632A7-B171-4637-B79E-41A8DAEBA163}.Release|Any CPU.Build.0 = Release|Any CPU
		{56751CD0-37C7-45D0-88B7-B606ABB3F7BA}.Debug|Any CPU.ActiveCfg = Debug|Any CPU
		{56751CD0-37C7-45D0-88B7-B606ABB3F7BA}.Debug|Any CPU.Build.0 = Debug|Any CPU
		{56751CD0-37C7-45D0-88B7-B606ABB3F7BA}.Release|Any CPU.ActiveCfg = Release|Any CPU
		{56751CD0-37C7-45D0-88B7-B606ABB3F7BA}.Release|Any CPU.Build.0 = Release|Any CPU
		{659B0AF2-6636-4664-96A4-B870CFBE5AD8}.Debug|Any CPU.ActiveCfg = Debug
		{659B0AF2-6636-4664-96A4-B870CFBE5AD8}.Release|Any CPU.ActiveCfg = Release
		{63726674-DFF5-4FAB-AF31-1B1CDAEC0811}.Debug|Any CPU.ActiveCfg = Debug|Any CPU
		{63726674-DFF5-4FAB-AF31-1B1CDAEC0811}.Debug|Any CPU.Build.0 = Debug|Any CPU
		{63726674-DFF5-4FAB-AF31-1B1CDAEC0811}.Release|Any CPU.ActiveCfg = Release|Any CPU
		{63726674-DFF5-4FAB-AF31-1B1CDAEC0811}.Release|Any CPU.Build.0 = Release|Any CPU
		{88CF52C9-65A4-431D-866E-2DFA86F5A697}.Debug|Any CPU.ActiveCfg = Debug|Any CPU
		{88CF52C9-65A4-431D-866E-2DFA86F5A697}.Debug|Any CPU.Build.0 = Debug|Any CPU
		{88CF52C9-65A4-431D-866E-2DFA86F5A697}.Release|Any CPU.ActiveCfg = Release|Any CPU
		{88CF52C9-65A4-431D-866E-2DFA86F5A697}.Release|Any CPU.Build.0 = Release|Any CPU
		{CF0319C6-C777-4B2B-B3EE-938827FC4C07}.Debug|Any CPU.ActiveCfg = Debug|Any CPU
		{CF0319C6-C777-4B2B-B3EE-938827FC4C07}.Debug|Any CPU.Build.0 = Debug|Any CPU
		{CF0319C6-C777-4B2B-B3EE-938827FC4C07}.Release|Any CPU.ActiveCfg = Release|Any CPU
		{CF0319C6-C777-4B2B-B3EE-938827FC4C07}.Release|Any CPU.Build.0 = Release|Any CPU
		{3304A8C0-940E-477F-9BA7-ACBC785EBB51}.Debug|Any CPU.ActiveCfg = Debug
		{3304A8C0-940E-477F-9BA7-ACBC785EBB51}.Release|Any CPU.ActiveCfg = Release
		{8D80E372-8AE8-49EA-8B04-D66874231173}.Debug|Any CPU.ActiveCfg = Debug|Any CPU
		{8D80E372-8AE8-49EA-8B04-D66874231173}.Debug|Any CPU.Build.0 = Debug|Any CPU
		{8D80E372-8AE8-49EA-8B04-D66874231173}.Release|Any CPU.ActiveCfg = Release|Any CPU
		{8D80E372-8AE8-49EA-8B04-D66874231173}.Release|Any CPU.Build.0 = Release|Any CPU
	EndGlobalSection
	GlobalSection(SolutionProperties) = preSolution
		HideSolutionNode = FALSE
	EndGlobalSection
	GlobalSection(NestedProjects) = preSolution
		{500B429C-3AC5-4FAC-AB2A-4A3F5D9B85DC} = {2326C19D-9CEF-4F80-9665-2B5312F7B2A1}
		{BD4C4F54-A39B-4538-8EAE-1279C3DB8147} = {F428CDFB-6330-4041-9CCE-773E462CBA7D}
		{306A1625-FAF0-41A4-A761-09DB8A82252C} = {2326C19D-9CEF-4F80-9665-2B5312F7B2A1}
		{10904587-7270-4451-9977-D3395D60E401} = {2326C19D-9CEF-4F80-9665-2B5312F7B2A1}
		{718001E5-63AE-4F4A-B16B-861036C65CA6} = {FD5D55DD-461C-4188-BC49-346681E7221E}
		{70B82A18-27FF-4C5E-B3B1-02EF9972A4DE} = {FD5D55DD-461C-4188-BC49-346681E7221E}
		{ED987E40-F22C-44B2-8E34-2408E077DCA9} = {2B4AAD22-FAB3-4CBB-9970-3FE53D5A043B}
		{5B5098C1-CC5C-46F1-AB37-4DC028190F2E} = {FD5D55DD-461C-4188-BC49-346681E7221E}
		{DFE5792D-7DB5-4D81-AF66-BD46CD59FED8} = {A00FE271-F1CB-4A91-BB59-B0E8E03BA0A0}
		{9531ABA8-8A2D-47E4-B230-A0F6865157C9} = {8B3855EB-C480-4F85-8345-9575427C0C48}
		{8BC13DB9-9A8B-4A1B-B22D-E186FD2D0AEF} = {A00FE271-F1CB-4A91-BB59-B0E8E03BA0A0}
		{D5AA884E-0C2F-4C15-B5AF-4688FD061DE1} = {FD5D55DD-461C-4188-BC49-346681E7221E}
		{0E3810DF-3284-47C1-940E-6BE1E2296CB7} = {FD5D55DD-461C-4188-BC49-346681E7221E}
		{07949FC8-B7A5-47DB-8950-D719CD166410} = {FD5D55DD-461C-4188-BC49-346681E7221E}
		{17A0E772-0CD5-48A9-932A-C09A33480260} = {FD5D55DD-461C-4188-BC49-346681E7221E}
		{6C506DD4-0238-4FDE-99C9-D795ECFFEF6F} = {86BC5F83-6678-443C-928B-933075874E6D}
		{0106D2BB-3411-4D62-9AD4-F04483CDD98D} = {FD5D55DD-461C-4188-BC49-346681E7221E}
		{A88623B4-EFB9-472D-87DE-976A3FA0F6A6} = {FD5D55DD-461C-4188-BC49-346681E7221E}
		{F3407B84-EF23-4DF7-9801-D73091393978} = {A393C321-6A84-450C-9C71-1E87689AD89D}
		{8A031371-7819-4653-A69A-40C22CA49838} = {FD5D55DD-461C-4188-BC49-346681E7221E}
		{32015A31-FFB6-4635-A601-603C3B6D61A6} = {A393C321-6A84-450C-9C71-1E87689AD89D}
		{3F3632A7-B171-4637-B79E-41A8DAEBA163} = {ACC1C1DD-227C-43CC-AC91-A99505841103}
		{56751CD0-37C7-45D0-88B7-B606ABB3F7BA} = {E6350AEC-2F35-42BE-8080-9A4C5D5AEE76}
		{659B0AF2-6636-4664-96A4-B870CFBE5AD8} = {B5680534-AFED-4745-9CB0-A39A5CEB832C}
		{63726674-DFF5-4FAB-AF31-1B1CDAEC0811} = {FD5D55DD-461C-4188-BC49-346681E7221E}
		{88CF52C9-65A4-431D-866E-2DFA86F5A697} = {FD5D55DD-461C-4188-BC49-346681E7221E}
		{CF0319C6-C777-4B2B-B3EE-938827FC4C07} = {FD5D55DD-461C-4188-BC49-346681E7221E}
		{8D80E372-8AE8-49EA-8B04-D66874231173} = {F428CDFB-6330-4041-9CCE-773E462CBA7D}
	EndGlobalSection
EndGlobal
